
Microsoft Visual Studio Solution File, Format Version 12.00
# Visual Studio 15
VisualStudioVersion = 15.0.28307.271
MinimumVisualStudioVersion = 10.0.40219.1
Project("{FAE04EC0-301F-11D3-BF4B-00C04F79EFBC}") = "lab_liec", "lab_liec\lab_liec.csproj", "{0CF520C9-977D-4A02-87C4-7C19AF40D086}"
EndProject
Global
	GlobalSection(SolutionConfigurationPlatforms) = preSolution
		Debug|Any CPU = Debug|Any CPU
		Release|Any CPU = Release|Any CPU
	EndGlobalSection
	GlobalSection(ProjectConfigurationPlatforms) = postSolution
		{0CF520C9-977D-4A02-87C4-7C19AF40D086}.Debug|Any CPU.ActiveCfg = Debug|Any CPU
		{0CF520C9-977D-4A02-87C4-7C19AF40D086}.Debug|Any CPU.Build.0 = Debug|Any CPU
		{0CF520C9-977D-4A02-87C4-7C19AF40D086}.Release|Any CPU.ActiveCfg = Release|Any CPU
		{0CF520C9-977D-4A02-87C4-7C19AF40D086}.Release|Any CPU.Build.0 = Release|Any CPU
	EndGlobalSection
	GlobalSection(SolutionProperties) = preSolution
		HideSolutionNode = FALSE
	EndGlobalSection
	GlobalSection(ExtensibilityGlobals) = postSolution
		SolutionGuid = {AAE71CA9-CDD2-457C-B54A-1F53E306AA78}
	EndGlobalSection
EndGlobal
